PODS:
  - AFNetworking (4.0.1):
    - AFNetworking/NSURLSession (= 4.0.1)
    - AFNetworking/Reachability (= 4.0.1)
    - AFNetworking/Security (= 4.0.1)
    - AFNetworking/Serialization (= 4.0.1)
    - AFNetworking/UIKit (= 4.0.1)
  - AFNetworking/NSURLSession (4.0.1):
    - AFNetworking/Reachability
    - AFNetworking/Security
    - AFNetworking/Serialization
  - AFNetworking/Reachability (4.0.1)
  - AFNetworking/Security (4.0.1)
  - AFNetworking/Serialization (4.0.1)
  - AFNetworking/UIKit (4.0.1):
    - AFNetworking/NSURLSession
  - Alamofire (5.4.4)
  - Gleap (5.0.2)

DEPENDENCIES:
  - AFNetworking (~> 4.0)
  - Alamofire (~> 5.2)
  - Gleap (from `../`)

SPEC REPOS:
  trunk:
    - AFNetworking
    - Alamofire

EXTERNAL SOURCES:
  Gleap:
    :path: "../"

SPEC CHECKSUMS:
  AFNetworking: 7864c38297c79aaca1500c33288e429c3451fdce
  Alamofire: f3b09a368f1582ab751b3fff5460276e0d2cf5c9
  Gleap: 3bd229bde66a29bd536e746d055ae3bc98f0f137

PODFILE CHECKSUM: fa4f740180fed5cb01d5dcc8d1fdd16d1e5a8b1c

COCOAPODS: 1.10.1
