PODS:
  - BugBattle (2.1.0):
    - PLCrashReporter (~> 1.7.2)
  - PLCrashReporter (1.7.2)

DEPENDENCIES:
  - BugBattle (from `../`)

SPEC REPOS:
  trunk:
    - PLCrashReporter

EXTERNAL SOURCES:
  BugBattle:
    :path: "../"

SPEC CHECKSUMS:
  BugBattle: 8f973553b6fe30607e4d1beb25caa66ccc75dd6d
  PLCrashReporter: aab2bb5301bdc461a2006d657004fbcd748813b8

PODFILE CHECKSUM: 7bf6fbf1fbed9f3841edb2497f06fff0fdddf29b

COCOAPODS: 1.9.3
