// !$*UTF8*$!
{
	archiveVersion = 1;
	classes = {
	};
	objectVersion = 50;
	objects = {

/* Begin PBXBuildFile section */
		8036819421FCB803003EA6B2 /* AppDelegate.m in Sources */ = {isa = PBXBuildFile; fileRef = 8036819321FCB803003EA6B2 /* AppDelegate.m */; };
		8036819721FCB803003EA6B2 /* ViewController.m in Sources */ = {isa = PBXBuildFile; fileRef = 8036819621FCB803003EA6B2 /* ViewController.m */; };
		8036819A21FCB803003EA6B2 /* Main.storyboard in Resources */ = {isa = PBXBuildFile; fileRef = 8036819821FCB803003EA6B2 /* Main.storyboard */; };
		8036819C21FCB804003EA6B2 /* Assets.xcassets in Resources */ = {isa = PBXBuildFile; fileRef = 8036819B21FCB804003EA6B2 /* Assets.xcassets */; };
		8036819F21FCB804003EA6B2 /* LaunchScreen.storyboard in Resources */ = {isa = PBXBuildFile; fileRef = 8036819D21FCB804003EA6B2 /* LaunchScreen.storyboard */; };
		803681A221FCB804003EA6B2 /* main.m in Sources */ = {isa = PBXBuildFile; fileRef = 803681A121FCB804003EA6B2 /* main.m */; };
		81E78CB020034DAEBA798C83 /* libPods-BugBattleDemo.a in Frameworks */ = {isa = PBXBuildFile; fileRef = 173D6F1A7E9FA30F03B54289 /* libPods-BugBattleDemo.a */; };
/* End PBXBuildFile section */

/* Begin PBXFileReference section */
		173D6F1A7E9FA30F03B54289 /* libPods-BugBattleDemo.a */ = {isa = PBXFileReference; explicitFileType = archive.ar; includeInIndex = 0; path = "libPods-BugBattleDemo.a"; sourceTree = BUILT_PRODUCTS_DIR; };
		8036818F21FCB803003EA6B2 /* BugBattleDemo.app */ = {isa = PBXFileReference; explicitFileType = wrapper.application; includeInIndex = 0; path = BugBattleDemo.app; sourceTree = BUILT_PRODUCTS_DIR; };
		8036819221FCB803003EA6B2 /* AppDelegate.h */ = {isa = PBXFileReference; lastKnownFileType = sourcecode.c.h; path = AppDelegate.h; sourceTree = "<group>"; };
		8036819321FCB803003EA6B2 /* AppDelegate.m */ = {isa = PBXFileReference; lastKnownFileType = sourcecode.c.objc; path = AppDelegate.m; sourceTree = "<group>"; };
		8036819521FCB803003EA6B2 /* ViewController.h */ = {isa = PBXFileReference; lastKnownFileType = sourcecode.c.h; path = ViewController.h; sourceTree = "<group>"; };
		8036819621FCB803003EA6B2 /* ViewController.m */ = {isa = PBXFileReference; lastKnownFileType = sourcecode.c.objc; path = ViewController.m; sourceTree = "<group>"; };
		8036819921FCB803003EA6B2 /* Base */ = {isa = PBXFileReference; lastKnownFileType = file.storyboard; name = Base; path = Base.lproj/Main.storyboard; sourceTree = "<group>"; };
		8036819B21FCB804003EA6B2 /* Assets.xcassets */ = {isa = PBXFileReference; lastKnownFileType = folder.assetcatalog; path = Assets.xcassets; sourceTree = "<group>"; };
		8036819E21FCB804003EA6B2 /* Base */ = {isa = PBXFileReference; lastKnownFileType = file.storyboard; name = Base; path = Base.lproj/LaunchScreen.storyboard; sourceTree = "<group>"; };
		803681A021FCB804003EA6B2 /* Info.plist */ = {isa = PBXFileReference; lastKnownFileType = text.plist.xml; path = Info.plist; sourceTree = "<group>"; };
		803681A121FCB804003EA6B2 /* main.m */ = {isa = PBXFileReference; lastKnownFileType = sourcecode.c.objc; path = main.m; sourceTree = "<group>"; };
		C3ECC58E83DBC67949661772 /* Pods-BugBattleDemo.debug.xcconfig */ = {isa = PBXFileReference; includeInIndex = 1; lastKnownFileType = text.xcconfig; name = "Pods-BugBattleDemo.debug.xcconfig"; path = "Pods/Target Support Files/Pods-BugBattleDemo/Pods-BugBattleDemo.debug.xcconfig"; sourceTree = "<group>"; };
		E3A2DFE78FD8C2F1DD101990 /* Pods-BugBattleDemo.release.xcconfig */ = {isa = PBXFileReference; includeInIndex = 1; lastKnownFileType = text.xcconfig; name = "Pods-BugBattleDemo.release.xcconfig"; path = "Pods/Target Support Files/Pods-BugBattleDemo/Pods-BugBattleDemo.release.xcconfig"; sourceTree = "<group>"; };
/* End PBXFileReference section */

/* Begin PBXFrameworksBuildPhase section */
		8036818C21FCB803003EA6B2 /* Frameworks */ = {
			isa = PBXFrameworksBuildPhase;
			buildActionMask = 2147483647;
			files = (
				81E78CB020034DAEBA798C83 /* libPods-BugBattleDemo.a in Frameworks */,
			);
			runOnlyForDeploymentPostprocessing = 0;
		};
/* End PBXFrameworksBuildPhase section */

/* Begin PBXGroup section */
		2BD11E6F6FE91A4196B873F9 /* Frameworks */ = {
			isa = PBXGroup;
			children = (
				173D6F1A7E9FA30F03B54289 /* libPods-BugBattleDemo.a */,
			);
			name = Frameworks;
			sourceTree = "<group>";
		};
		79C18BC2E3F0A01D760467A5 /* Pods */ = {
			isa = PBXGroup;
			children = (
				C3ECC58E83DBC67949661772 /* Pods-BugBattleDemo.debug.xcconfig */,
				E3A2DFE78FD8C2F1DD101990 /* Pods-BugBattleDemo.release.xcconfig */,
			);
			name = Pods;
			sourceTree = "<group>";
		};
		8036818621FCB802003EA6B2 = {
			isa = PBXGroup;
			children = (
				8036819121FCB803003EA6B2 /* BugBattleDemo */,
				8036819021FCB803003EA6B2 /* Products */,
				79C18BC2E3F0A01D760467A5 /* Pods */,
				2BD11E6F6FE91A4196B873F9 /* Frameworks */,
			);
			sourceTree = "<group>";
		};
		8036819021FCB803003EA6B2 /* Products */ = {
			isa = PBXGroup;
			children = (
				8036818F21FCB803003EA6B2 /* BugBattleDemo.app */,
			);
			name = Products;
			sourceTree = "<group>";
		};
		8036819121FCB803003EA6B2 /* BugBattleDemo */ = {
			isa = PBXGroup;
			children = (
				8036819221FCB803003EA6B2 /* AppDelegate.h */,
				8036819321FCB803003EA6B2 /* AppDelegate.m */,
				8036819521FCB803003EA6B2 /* ViewController.h */,
				8036819621FCB803003EA6B2 /* ViewController.m */,
				8036819821FCB803003EA6B2 /* Main.storyboard */,
				8036819B21FCB804003EA6B2 /* Assets.xcassets */,
				8036819D21FCB804003EA6B2 /* LaunchScreen.storyboard */,
				803681A021FCB804003EA6B2 /* Info.plist */,
				803681A121FCB804003EA6B2 /* main.m */,
			);
			path = BugBattleDemo;
			sourceTree = "<group>";
		};
/* End PBXGroup section */

/* Begin PBXNativeTarget section */
		8036818E21FCB803003EA6B2 /* BugBattleDemo */ = {
			isa = PBXNativeTarget;
			buildConfigurationList = 803681A521FCB804003EA6B2 /* Build configuration list for PBXNativeTarget "BugBattleDemo" */;
			buildPhases = (
				B3B50587D58FAAA0670BD585 /* [CP] Check Pods Manifest.lock */,
				8036818B21FCB803003EA6B2 /* Sources */,
				8036818C21FCB803003EA6B2 /* Frameworks */,
				8036818D21FCB803003EA6B2 /* Resources */,
				EDD6F9FD7059217458AABF68 /* [CP] Embed Pods Frameworks */,
			);
			buildRules = (
			);
			dependencies = (
			);
			name = BugBattleDemo;
			productName = BugBattleDemo;
			productReference = 8036818F21FCB803003EA6B2 /* BugBattleDemo.app */;
			productType = "com.apple.product-type.application";
		};
/* End PBXNativeTarget section */

/* Begin PBXProject section */
		8036818721FCB802003EA6B2 /* Project object */ = {
			isa = PBXProject;
			attributes = {
				LastUpgradeCheck = 1010;
				ORGANIZATIONNAME = BugBattle;
				TargetAttributes = {
					8036818E21FCB803003EA6B2 = {
						CreatedOnToolsVersion = 10.1;
					};
				};
			};
			buildConfigurationList = 8036818A21FCB802003EA6B2 /* Build configuration list for PBXProject "BugBattleDemo" */;
			compatibilityVersion = "Xcode 9.3";
			developmentRegion = en;
			hasScannedForEncodings = 0;
			knownRegions = (
				en,
				Base,
			);
			mainGroup = 8036818621FCB802003EA6B2;
			productRefGroup = 8036819021FCB803003EA6B2 /* Products */;
			projectDirPath = "";
			projectRoot = "";
			targets = (
				8036818E21FCB803003EA6B2 /* BugBattleDemo */,
			);
		};
/* End PBXProject section */

/* Begin PBXResourcesBuildPhase section */
		8036818D21FCB803003EA6B2 /* Resources */ = {
			isa = PBXResourcesBuildPhase;
			buildActionMask = 2147483647;
			files = (
				8036819F21FCB804003EA6B2 /* LaunchScreen.storyboard in Resources */,
				8036819C21FCB804003EA6B2 /* Assets.xcassets in Resources */,
				8036819A21FCB803003EA6B2 /* Main.storyboard in Resources */,
			);
			runOnlyForDeploymentPostprocessing = 0;
		};
/* End PBXResourcesBuildPhase section */

/* Begin PBXShellScriptBuildPhase section */
		B3B50587D58FAAA0670BD585 /* [CP] Check Pods Manifest.lock */ = {
			isa = PBXShellScriptBuildPhase;
			buildActionMask = 2147483647;
			files = (
			);
			inputFileListPaths = (
			);
			inputPaths = (
				"${PODS_PODFILE_DIR_PATH}/Podfile.lock",
				"${PODS_ROOT}/Manifest.lock",
			);
			name = "[CP] Check Pods Manifest.lock";
			outputFileListPaths = (
			);
			outputPaths = (
				"$(DERIVED_FILE_DIR)/Pods-BugBattleDemo-checkManifestLockResult.txt",
			);
			runOnlyForDeploymentPostprocessing = 0;
			shellPath = /bin/sh;
			shellScript = "diff \"${PODS_PODFILE_DIR_PATH}/Podfile.lock\" \"${PODS_ROOT}/Manifest.lock\" > /dev/null\nif [ $? != 0 ] ; then\n    # print error to STDERR\n    echo \"error: The sandbox is not in sync with the Podfile.lock. Run 'pod install' or update your CocoaPods installation.\" >&2\n    exit 1\nfi\n# This output is used by Xcode 'outputs' to avoid re-running this script phase.\necho \"SUCCESS\" > \"${SCRIPT_OUTPUT_FILE_0}\"\n";
			showEnvVarsInLog = 0;
		};
		EDD6F9FD7059217458AABF68 /* [CP] Embed Pods Frameworks */ = {
			isa = PBXShellScriptBuildPhase;
			buildActionMask = 2147483647;
			files = (
			);
			inputFileListPaths = (
			);
			inputPaths = (
				"${SRCROOT}/Pods/Target Support Files/Pods-BugBattleDemo/Pods-BugBattleDemo-frameworks.sh",
				"${PODS_ROOT}/BugBattle/BugBattle.framework",
			);
			name = "[CP] Embed Pods Frameworks";
			outputFileListPaths = (
			);
			outputPaths = (
				"${TARGET_BUILD_DIR}/${FRAMEWORKS_FOLDER_PATH}/BugBattle.framework",
			);
			runOnlyForDeploymentPostprocessing = 0;
			shellPath = /bin/sh;
			shellScript = "\"${SRCROOT}/Pods/Target Support Files/Pods-BugBattleDemo/Pods-BugBattleDemo-frameworks.sh\"\n";
			showEnvVarsInLog = 0;
		};
/* End PBXShellScriptBuildPhase section */

/* Begin PBXSourcesBuildPhase section */
		8036818B21FCB803003EA6B2 /* Sources */ = {
			isa = PBXSourcesBuildPhase;
			buildActionMask = 2147483647;
			files = (
				8036819721FCB803003EA6B2 /* ViewController.m in Sources */,
				803681A221FCB804003EA6B2 /* main.m in Sources */,
				8036819421FCB803003EA6B2 /* AppDelegate.m in Sources */,
			);
			runOnlyForDeploymentPostprocessing = 0;
		};
/* End PBXSourcesBuildPhase section */

/* Begin PBXVariantGroup section */
		8036819821FCB803003EA6B2 /* Main.storyboard */ = {
			isa = PBXVariantGroup;
			children = (
				8036819921FCB803003EA6B2 /* Base */,
			);
			name = Main.storyboard;
			sourceTree = "<group>";
		};
		8036819D21FCB804003EA6B2 /* LaunchScreen.storyboard */ = {
			isa = PBXVariantGroup;
			children = (
				8036819E21FCB804003EA6B2 /* Base */,
			);
			name = LaunchScreen.storyboard;
			sourceTree = "<group>";
		};
/* End PBXVariantGroup section */

/* Begin XCBuildConfiguration section */
		803681A321FCB804003EA6B2 /* Debug */ = {
			isa = XCBuildConfiguration;
			buildSettings = {
				ALWAYS_SEARCH_USER_PATHS = NO;
				CLANG_ANALYZER_NONNULL = YES;
				CLANG_ANALYZER_NUMBER_OBJECT_CONVERSION = YES_AGGRESSIVE;
				CLANG_CXX_LANGUAGE_STANDARD = "gnu++14";
				CLANG_CXX_LIBRARY = "libc++";
				CLANG_ENABLE_MODULES = YES;
				CLANG_ENABLE_OBJC_ARC = YES;
				CLANG_ENABLE_OBJC_WEAK = YES;
				CLANG_WARN_BLOCK_CAPTURE_AUTORELEASING = YES;
				CLANG_WARN_BOOL_CONVERSION = YES;
				CLANG_WARN_COMMA = YES;
				CLANG_WARN_CONSTANT_CONVERSION = YES;
				CLANG_WARN_DEPRECATED_OBJC_IMPLEMENTATIONS = YES;
				CLANG_WARN_DIRECT_OBJC_ISA_USAGE = YES_ERROR;
				CLANG_WARN_DOCUMENTATION_COMMENTS = YES;
				CLANG_WARN_EMPTY_BODY = YES;
				CLANG_WARN_ENUM_CONVERSION = YES;
				CLANG_WARN_INFINITE_RECURSION = YES;
				CLANG_WARN_INT_CONVERSION = YES;
				CLANG_WARN_NON_LITERAL_NULL_CONVERSION = YES;
				CLANG_WARN_OBJC_IMPLICIT_RETAIN_SELF = YES;
				CLANG_WARN_OBJC_LITERAL_CONVERSION = YES;
				CLANG_WARN_OBJC_ROOT_CLASS = YES_ERROR;
				CLANG_WARN_RANGE_LOOP_ANALYSIS = YES;
				CLANG_WARN_STRICT_PROTOTYPES = YES;
				CLANG_WARN_SUSPICIOUS_MOVE = YES;
				CLANG_WARN_UNGUARDED_AVAILABILITY = YES_AGGRESSIVE;
				CLANG_WARN_UNREACHABLE_CODE = YES;
				CLANG_WARN__DUPLICATE_METHOD_MATCH = YES;
				CODE_SIGN_IDENTITY = "iPhone Developer";
				COPY_PHASE_STRIP = NO;
				DEBUG_INFORMATION_FORMAT = dwarf;
				ENABLE_STRICT_OBJC_MSGSEND = YES;
				ENABLE_TESTABILITY = YES;
				GCC_C_LANGUAGE_STANDARD = gnu11;
				GCC_DYNAMIC_NO_PIC = NO;
				GCC_NO_COMMON_BLOCKS = YES;
				GCC_OPTIMIZATION_LEVEL = 0;
				GCC_PREPROCESSOR_DEFINITIONS = (
					"DEBUG=1",
					"$(inherited)",
				);
				GCC_WARN_64_TO_32_BIT_CONVERSION = YES;
				GCC_WARN_ABOUT_RETURN_TYPE = YES_ERROR;
				GCC_WARN_UNDECLARED_SELECTOR = YES;
				GCC_WARN_UNINITIALIZED_AUTOS = YES_AGGRESSIVE;
				GCC_WARN_UNUSED_FUNCTION = YES;
				GCC_WARN_UNUSED_VARIABLE = YES;
				IPHONEOS_DEPLOYMENT_TARGET = 12.1;
				MTL_ENABLE_DEBUG_INFO = INCLUDE_SOURCE;
				MTL_FAST_MATH = YES;
				ONLY_ACTIVE_ARCH = YES;
				SDKROOT = iphoneos;
			};
			name = Debug;
		};
		803681A421FCB804003EA6B2 /* Release */ = {
			isa = XCBuildConfiguration;
			buildSettings = {
				ALWAYS_SEARCH_USER_PATHS = NO;
				CLANG_ANALYZER_NONNULL = YES;
				CLANG_ANALYZER_NUMBER_OBJECT_CONVERSION = YES_AGGRESSIVE;
				CLANG_CXX_LANGUAGE_STANDARD = "gnu++14";
				CLANG_CXX_LIBRARY = "libc++";
				CLANG_ENABLE_MODULES = YES;
				CLANG_ENABLE_OBJC_ARC = YES;
				CLANG_ENABLE_OBJC_WEAK = YES;
				CLANG_WARN_BLOCK_CAPTURE_AUTORELEASING = YES;
				CLANG_WARN_BOOL_CONVERSION = YES;
				CLANG_WARN_COMMA = YES;
				CLANG_WARN_CONSTANT_CONVERSION = YES;
				CLANG_WARN_DEPRECATED_OBJC_IMPLEMENTATIONS = YES;
				CLANG_WARN_DIRECT_OBJC_ISA_USAGE = YES_ERROR;
				CLANG_WARN_DOCUMENTATION_COMMENTS = YES;
				CLANG_WARN_EMPTY_BODY = YES;
				CLANG_WARN_ENUM_CONVERSION = YES;
				CLANG_WARN_INFINITE_RECURSION = YES;
				CLANG_WARN_INT_CONVERSION = YES;
				CLANG_WARN_NON_LITERAL_NULL_CONVERSION = YES;
				CLANG_WARN_OBJC_IMPLICIT_RETAIN_SELF = YES;
				CLANG_WARN_OBJC_LITERAL_CONVERSION = YES;
				CLANG_WARN_OBJC_ROOT_CLASS = YES_ERROR;
				CLANG_WARN_RANGE_LOOP_ANALYSIS = YES;
				CLANG_WARN_STRICT_PROTOTYPES = YES;
				CLANG_WARN_SUSPICIOUS_MOVE = YES;
				CLANG_WARN_UNGUARDED_AVAILABILITY = YES_AGGRESSIVE;
				CLANG_WARN_UNREACHABLE_CODE = YES;
				CLANG_WARN__DUPLICATE_METHOD_MATCH = YES;
				CODE_SIGN_IDENTITY = "iPhone Developer";
				COPY_PHASE_STRIP = NO;
				DEBUG_INFORMATION_FORMAT = "dwarf-with-dsym";
				ENABLE_NS_ASSERTIONS = NO;
				ENABLE_STRICT_OBJC_MSGSEND = YES;
				GCC_C_LANGUAGE_STANDARD = gnu11;
				GCC_NO_COMMON_BLOCKS = YES;
				GCC_WARN_64_TO_32_BIT_CONVERSION = YES;
				GCC_WARN_ABOUT_RETURN_TYPE = YES_ERROR;
				GCC_WARN_UNDECLARED_SELECTOR = YES;
				GCC_WARN_UNINITIALIZED_AUTOS = YES_AGGRESSIVE;
				GCC_WARN_UNUSED_FUNCTION = YES;
				GCC_WARN_UNUSED_VARIABLE = YES;
				IPHONEOS_DEPLOYMENT_TARGET = 12.1;
				MTL_ENABLE_DEBUG_INFO = NO;
				MTL_FAST_MATH = YES;
				SDKROOT = iphoneos;
				VALIDATE_PRODUCT = YES;
			};
			name = Release;
		};
		803681A621FCB804003EA6B2 /* Debug */ = {
			isa = XCBuildConfiguration;
			baseConfigurationReference = C3ECC58E83DBC67949661772 /* Pods-BugBattleDemo.debug.xcconfig */;
			buildSettings = {
				ASSETCATALOG_COMPILER_APPICON_NAME = AppIcon;
				ASSETCATALOG_COMPILER_LAUNCHIMAGE_NAME = LaunchImage;
				CODE_SIGN_STYLE = Automatic;
				DEVELOPMENT_TEAM = 7UGU2CH934;
				INFOPLIST_FILE = BugBattleDemo/Info.plist;
				LD_RUNPATH_SEARCH_PATHS = (
					"$(inherited)",
					"@executable_path/Frameworks",
				);
				PRODUCT_BUNDLE_IDENTIFIER = io.bugbattle.sdkdemo.BugBattleDemo;
				PRODUCT_NAME = "$(TARGET_NAME)";
				TARGETED_DEVICE_FAMILY = "1,2";
			};
			name = Debug;
		};
		803681A721FCB804003EA6B2 /* Release */ = {
			isa = XCBuildConfiguration;
			baseConfigurationReference = E3A2DFE78FD8C2F1DD101990 /* Pods-BugBattleDemo.release.xcconfig */;
			buildSettings = {
				ASSETCATALOG_COMPILER_APPICON_NAME = AppIcon;
				ASSETCATALOG_COMPILER_LAUNCHIMAGE_NAME = LaunchImage;
				CODE_SIGN_STYLE = Automatic;
				DEVELOPMENT_TEAM = 7UGU2CH934;
				INFOPLIST_FILE = BugBattleDemo/Info.plist;
				LD_RUNPATH_SEARCH_PATHS = (
					"$(inherited)",
					"@executable_path/Frameworks",
				);
				PRODUCT_BUNDLE_IDENTIFIER = io.bugbattle.sdkdemo.BugBattleDemo;
				PRODUCT_NAME = "$(TARGET_NAME)";
				TARGETED_DEVICE_FAMILY = "1,2";
			};
			name = Release;
		};
/* End XCBuildConfiguration section */

/* Begin XCConfigurationList section */
		8036818A21FCB802003EA6B2 /* Build configuration list for PBXProject "BugBattleDemo" */ = {
			isa = XCConfigurationList;
			buildConfigurations = (
				803681A321FCB804003EA6B2 /* Debug */,
				803681A421FCB804003EA6B2 /* Release */,
			);
			defaultConfigurationIsVisible = 0;
			defaultConfigurationName = Release;
		};
		803681A521FCB804003EA6B2 /* Build configuration list for PBXNativeTarget "BugBattleDemo" */ = {
			isa = XCConfigurationList;
			buildConfigurations = (
				803681A621FCB804003EA6B2 /* Debug */,
				803681A721FCB804003EA6B2 /* Release */,
			);
			defaultConfigurationIsVisible = 0;
			defaultConfigurationName = Release;
		};
/* End XCConfigurationList section */
	};
	rootObject = 8036818721FCB802003EA6B2 /* Project object */;
}
